github.com/davecgh/go-spew v1.1.1 h1:vj9j/u1bqnvCEfJOwUhtlOARqs3+rkHYY13jYWTU97c=
github.com/davecgh/go-spew v1.1.1/go.mod h1:J7Y8YcW2NihsgmVo/mv3lAwl/skON4iLHjSsI+c5H38=
github.com/orcaman/concurrent-map v0.0.0-20190826125027-8c72a8bb44f6 h1:lNCW6THrCKBiJBpz8kbVGjC7MgdCGKwuvBgc7LoD6sw=
github.com/orcaman/concurrent-map v0.0.0-20190826125027-8c72a8bb44f6/go.mod h1:Lu3tH6HLW3feq74c2GC+jIMS/K2CFcDWnWD9XkenwhI=
github.com/pmezard/go-difflib v1.0.0 h1:4DBwDE0NGyQoBHbLQYPwSUPoCMWR5BEzIk/f1lZbAQM=
github.com/pmezard/go-difflib v1.0.0/go.mod h1:iKH77koFhYxTK1pcRnkKkqfTogsbg7gZNVY4sRDYZ/4=
github.com/spf13/cast v1.3.1 h1:nFm6S0SMdyzrzcmThSipiEubIDy8WEXKNZ0UOgiRpng=
github.com/spf13/cast v1.3.1/go.mod h1:Qx5cxh0v+4UWYiBimWS+eyWzqEqokIECu5etghLkUJE=
github.com/stretchr/testify v1.2.2 h1:bSDNvY7ZPG5RlJ8otE/7V6gMiyenm9RtJ7IUVIAoJ1w=
github.com/stretchr/testify v1.2.2/go.mod h1:a8OnRcib4nhh0OaRAV+Yts87kKdq0PP7pXfy6kDkUVs=
github.com/xusworld/infinity-go v0.0.0-20201228091545-814999706237 h1:KRDrzj+pm4k0pJmh/w1GENqloh7c0JAJ2tFMy13LoYk=
github.com/xusworld/infinity-go v0.0.0-20201228091545-814999706237/go.mod h1:+HF1m8m6pifQb2a77g0M/grbM6tdhZbLr02Nk/b1/z4=
